// !$*UTF8*$!
{
	archiveVersion = 1;
	classes = {
	};
	objectVersion = 51;
	objects = {

/* Begin PBXBuildFile section */
		366A338A0318A3D592FFF7F2 /* Pods_Justina_JustinaUITests.framework in Frameworks */ = {isa = PBXBuildFile; fileRef = 642C191E0A3E24B53F429780 /* Pods_Justina_JustinaUITests.framework */; };
		4635EDC2D1E81363644850EF /* Pods_JustinaTests.framework in Frameworks */ = {isa = PBXBuildFile; fileRef = CF7C505ED4F4C2A0305D2CBD /* Pods_JustinaTests.framework */; };
		6C4AA0D2250A542A0017DC70 /* PersonalData.storyboard in Resources */ = {isa = PBXBuildFile; fileRef = 6C4AA0D1250A542A0017DC70 /* PersonalData.storyboard */; };
		74C9F1FA31F37C7F10C7009A /* Pods_Justina.framework in Frameworks */ = {isa = PBXBuildFile; fileRef = F8559FCB6ABD800B3D699792 /* Pods_Justina.framework */; };
		AF1C4733250D4D200005059B /* UIColor+.swift in Sources */ = {isa = PBXBuildFile; fileRef = AF1C4732250D4D200005059B /* UIColor+.swift */; };
		AF1C4736250D4F0F0005059B /* JustinaMessageTableViewCell.swift in Sources */ = {isa = PBXBuildFile; fileRef = AF1C4734250D4F0F0005059B /* JustinaMessageTableViewCell.swift */; };
		AF1C4737250D4F0F0005059B /* JustinaMessageTableViewCell.xib in Resources */ = {isa = PBXBuildFile; fileRef = AF1C4735250D4F0F0005059B /* JustinaMessageTableViewCell.xib */; };
		AF2B0E0D255D681C0006E084 /* TextFieldTableViewCell.swift in Sources */ = {isa = PBXBuildFile; fileRef = AF2B0E0B255D681C0006E084 /* TextFieldTableViewCell.swift */; };
		AF2B0E0E255D681C0006E084 /* TextFieldTableViewCell.xib in Resources */ = {isa = PBXBuildFile; fileRef = AF2B0E0C255D681C0006E084 /* TextFieldTableViewCell.xib */; };
		AF2B0E1B255D6FD00006E084 /* FormsModel.swift in Sources */ = {isa = PBXBuildFile; fileRef = AF2B0E1A255D6FD00006E084 /* FormsModel.swift */; };
		AF36954C24FE8B2400591528 /* Coordinator.swift in Sources */ = {isa = PBXBuildFile; fileRef = AF36954B24FE8B2400591528 /* Coordinator.swift */; };
		AF36954F24FE8E1200591528 /* Storyboarded.swift in Sources */ = {isa = PBXBuildFile; fileRef = AF36954E24FE8E1200591528 /* Storyboarded.swift */; };
		AF36955124FE8EF500591528 /* MainCoordinator.swift in Sources */ = {isa = PBXBuildFile; fileRef = AF36955024FE8EF500591528 /* MainCoordinator.swift */; };
		AF36955324FE901200591528 /* NavigationCoordinator.swift in Sources */ = {isa = PBXBuildFile; fileRef = AF36955224FE901200591528 /* NavigationCoordinator.swift */; };
		AF390338250280480062E7C2 /* UIView+.swift in Sources */ = {isa = PBXBuildFile; fileRef = AF390337250280480062E7C2 /* UIView+.swift */; };
		AF5EAB0525124BAF005CE765 /* ProcessosInfoVC.swift in Sources */ = {isa = PBXBuildFile; fileRef = AF5EAB0425124BAE005CE765 /* ProcessosInfoVC.swift */; };
		AF66083525090670004C185D /* MessageSentTableViewCell.swift in Sources */ = {isa = PBXBuildFile; fileRef = AF66083325090670004C185D /* MessageSentTableViewCell.swift */; };
		AF66083625090670004C185D /* MessageSentTableViewCell.xib in Resources */ = {isa = PBXBuildFile; fileRef = AF66083425090670004C185D /* MessageSentTableViewCell.xib */; };
		AF68C7802544BCD900BD401D /* ContactInfoVC.swift in Sources */ = {isa = PBXBuildFile; fileRef = AF68C77F2544BCD900BD401D /* ContactInfoVC.swift */; };
		AF68C7852544C3F600BD401D /* CompanyDataVC.swift in Sources */ = {isa = PBXBuildFile; fileRef = AF68C7842544C3F600BD401D /* CompanyDataVC.swift */; };
		AF7AFCD0252F48CB007DC2D0 /* ProcessosInfoTableViewCell.swift in Sources */ = {isa = PBXBuildFile; fileRef = AF7AFCCE252F48CB007DC2D0 /* ProcessosInfoTableViewCell.swift */; };
		AF7AFCD1252F48CB007DC2D0 /* ProcessosInfoTableViewCell.xib in Resources */ = {isa = PBXBuildFile; fileRef = AF7AFCCF252F48CB007DC2D0 /* ProcessosInfoTableViewCell.xib */; };
		AF7AFD1925309C1E007DC2D0 /* VisaoGeralProcessosVC.swift in Sources */ = {isa = PBXBuildFile; fileRef = AF7AFD1825309C1E007DC2D0 /* VisaoGeralProcessosVC.swift */; };
		AF7AFD1E25309CCD007DC2D0 /* PeticaoProcessosVC.swift in Sources */ = {isa = PBXBuildFile; fileRef = AF7AFD1D25309CCD007DC2D0 /* PeticaoProcessosVC.swift */; };
		AF7F10022539CC0200314EE8 /* PeticaoProcessosModel.swift in Sources */ = {isa = PBXBuildFile; fileRef = AF7F10012539CC0200314EE8 /* PeticaoProcessosModel.swift */; };
		AF8A00652541C21A00231746 /* OnboardingPageVC.swift in Sources */ = {isa = PBXBuildFile; fileRef = AF8A00622541C21900231746 /* OnboardingPageVC.swift */; };
		AF8A00662541C21A00231746 /* OnboardingVC.swift in Sources */ = {isa = PBXBuildFile; fileRef = AF8A00632541C21900231746 /* OnboardingVC.swift */; };
		AF8A00672541C21A00231746 /* OnboardingContentVC.swift in Sources */ = {isa = PBXBuildFile; fileRef = AF8A00642541C21900231746 /* OnboardingContentVC.swift */; };
		AF8A006C2541C23200231746 /* Onboarding.storyboard in Resources */ = {isa = PBXBuildFile; fileRef = AF8A006B2541C23100231746 /* Onboarding.storyboard */; };
		AFB10D2E250A54E700A1381A /* KeyboardLayoutGuide.swift in Sources */ = {isa = PBXBuildFile; fileRef = AFB10D2D250A54E700A1381A /* KeyboardLayoutGuide.swift */; };
		AFB10D31250A61F700A1381A /* DataCoordinator.swift in Sources */ = {isa = PBXBuildFile; fileRef = AFB10D30250A61F700A1381A /* DataCoordinator.swift */; };
		AFB10D33250A62B400A1381A /* PersonalDataVC.swift in Sources */ = {isa = PBXBuildFile; fileRef = AFB10D32250A62B400A1381A /* PersonalDataVC.swift */; };
		AFB10D35250A651C00A1381A /* AppCoordinator.swift in Sources */ = {isa = PBXBuildFile; fileRef = AFB10D34250A651C00A1381A /* AppCoordinator.swift */; };
		AFB59AF124FFE68300FB9207 /* Justina.storyboard in Resources */ = {isa = PBXBuildFile; fileRef = AFB59AF024FFE68300FB9207 /* Justina.storyboard */; };
		AFB59AF324FFE6A800FB9207 /* JustinaVC.swift in Sources */ = {isa = PBXBuildFile; fileRef = AFB59AF224FFE6A800FB9207 /* JustinaVC.swift */; };
		AFD757AB25543F82008F2907 /* OnboardingEndVC.swift in Sources */ = {isa = PBXBuildFile; fileRef = AFD757AA25543F82008F2907 /* OnboardingEndVC.swift */; };
		AFEC0BA624FE83A70022C25A /* AppDelegate.swift in Sources */ = {isa = PBXBuildFile; fileRef = AFEC0BA524FE83A70022C25A /* AppDelegate.swift */; };
		AFEC0BA824FE83A70022C25A /* SceneDelegate.swift in Sources */ = {isa = PBXBuildFile; fileRef = AFEC0BA724FE83A70022C25A /* SceneDelegate.swift */; };
		AFEC0BAA24FE83A70022C25A /* MainVC.swift in Sources */ = {isa = PBXBuildFile; fileRef = AFEC0BA924FE83A70022C25A /* MainVC.swift */; };
		AFEC0BAD24FE83A70022C25A /* Main.storyboard in Resources */ = {isa = PBXBuildFile; fileRef = AFEC0BAB24FE83A70022C25A /* Main.storyboard */; };
		AFEC0BAF24FE83A90022C25A /* Assets.xcassets in Resources */ = {isa = PBXBuildFile; fileRef = AFEC0BAE24FE83A90022C25A /* Assets.xcassets */; };
		AFEC0BB224FE83A90022C25A /* LaunchScreen.storyboard in Resources */ = {isa = PBXBuildFile; fileRef = AFEC0BB024FE83A90022C25A /* LaunchScreen.storyboard */; };
		AFEC0BBD24FE83A90022C25A /* JustinaTests.swift in Sources */ = {isa = PBXBuildFile; fileRef = AFEC0BBC24FE83A90022C25A /* JustinaTests.swift */; };
		AFEC0BC824FE83AA0022C25A /* JustinaUITests.swift in Sources */ = {isa = PBXBuildFile; fileRef = AFEC0BC724FE83AA0022C25A /* JustinaUITests.swift */; };
		AFF2552D255975AC00EC07FF /* NovaPeticaoVC.swift in Sources */ = {isa = PBXBuildFile; fileRef = AFF2552C255975AC00EC07FF /* NovaPeticaoVC.swift */; };
		AFF2553B2559796700EC07FF /* NovaPeticaoTableViewCell.swift in Sources */ = {isa = PBXBuildFile; fileRef = AFF255392559796700EC07FF /* NovaPeticaoTableViewCell.swift */; };
		AFF2553C2559796700EC07FF /* NovaPeticaoTableViewCell.xib in Resources */ = {isa = PBXBuildFile; fileRef = AFF2553A2559796700EC07FF /* NovaPeticaoTableViewCell.xib */; };
		AFF2554125597B5B00EC07FF /* NovaPeticaoModel.swift in Sources */ = {isa = PBXBuildFile; fileRef = AFF2554025597B5B00EC07FF /* NovaPeticaoModel.swift */; };
		AFF3D6D9250D578400D0DFF9 /* ProcessosTableViewCell.swift in Sources */ = {isa = PBXBuildFile; fileRef = AFF3D6D7250D578400D0DFF9 /* ProcessosTableViewCell.swift */; };
		AFF3D6DA250D578400D0DFF9 /* ProcessosTableViewCell.xib in Resources */ = {isa = PBXBuildFile; fileRef = AFF3D6D8250D578400D0DFF9 /* ProcessosTableViewCell.xib */; };
		AFF3D6DE250FA03500D0DFF9 /* AddProcessoTableViewCell.swift in Sources */ = {isa = PBXBuildFile; fileRef = AFF3D6DC250FA03500D0DFF9 /* AddProcessoTableViewCell.swift */; };
		AFF3D6DF250FA03500D0DFF9 /* AddProcessoTableViewCell.xib in Resources */ = {isa = PBXBuildFile; fileRef = AFF3D6DD250FA03500D0DFF9 /* AddProcessoTableViewCell.xib */; };
		AFF3D6E5250FA2BF00D0DFF9 /* SectionHeaderTableViewCell.swift in Sources */ = {isa = PBXBuildFile; fileRef = AFF3D6E3250FA2BF00D0DFF9 /* SectionHeaderTableViewCell.swift */; };
		AFF3D6E6250FA2BF00D0DFF9 /* SectionHeaderTableViewCell.xib in Resources */ = {isa = PBXBuildFile; fileRef = AFF3D6E4250FA2BF00D0DFF9 /* SectionHeaderTableViewCell.xib */; };
		AFF3D6E8250FA4B200D0DFF9 /* CellIdentifiers.swift in Sources */ = {isa = PBXBuildFile; fileRef = AFF3D6E7250FA4B200D0DFF9 /* CellIdentifiers.swift */; };
/* End PBXBuildFile section */

/* Begin PBXContainerItemProxy section */
		AFEC0BB924FE83A90022C25A /* PBXContainerItemProxy */ = {
			isa = PBXContainerItemProxy;
			containerPortal = AFEC0B9A24FE83A70022C25A /* Project object */;
			proxyType = 1;
			remoteGlobalIDString = AFEC0BA124FE83A70022C25A;
			remoteInfo = Justina;
		};
		AFEC0BC424FE83AA0022C25A /* PBXContainerItemProxy */ = {
			isa = PBXContainerItemProxy;
			containerPortal = AFEC0B9A24FE83A70022C25A /* Project object */;
			proxyType = 1;
			remoteGlobalIDString = AFEC0BA124FE83A70022C25A;
			remoteInfo = Justina;
		};
/* End PBXContainerItemProxy section */

/* Begin PBXFileReference section */
		260A5A8B1FA8FC61CAF584E5 /* Pods-Justina-JustinaUITests.debug.xcconfig */ = {isa = PBXFileReference; includeInIndex = 1; lastKnownFileType = text.xcconfig; name = "Pods-Justina-JustinaUITests.debug.xcconfig"; path = "Target Support Files/Pods-Justina-JustinaUITests/Pods-Justina-JustinaUITests.debug.xcconfig"; sourceTree = "<group>"; };
		642C191E0A3E24B53F429780 /* Pods_Justina_JustinaUITests.framework */ = {isa = PBXFileReference; explicitFileType = wrapper.framework; includeInIndex = 0; path = Pods_Justina_JustinaUITests.framework; sourceTree = BUILT_PRODUCTS_DIR; };
		6C4AA0D1250A542A0017DC70 /* PersonalData.storyboard */ = {isa = PBXFileReference; lastKnownFileType = file.storyboard; path = PersonalData.storyboard; sourceTree = "<group>"; };
		83B7532D8E7CF209D31F4F8E /* Pods-Justina-JustinaUITests.release.xcconfig */ = {isa = PBXFileReference; includeInIndex = 1; lastKnownFileType = text.xcconfig; name = "Pods-Justina-JustinaUITests.release.xcconfig"; path = "Target Support Files/Pods-Justina-JustinaUITests/Pods-Justina-JustinaUITests.release.xcconfig"; sourceTree = "<group>"; };
		8BED632E1BA769038D9A477F /* Pods-Justina.release.xcconfig */ = {isa = PBXFileReference; includeInIndex = 1; lastKnownFileType = text.xcconfig; name = "Pods-Justina.release.xcconfig"; path = "Target Support Files/Pods-Justina/Pods-Justina.release.xcconfig"; sourceTree = "<group>"; };
		8E4F327231606F0580E11975 /* Pods-JustinaTests.release.xcconfig */ = {isa = PBXFileReference; includeInIndex = 1; lastKnownFileType = text.xcconfig; name = "Pods-JustinaTests.release.xcconfig"; path = "Target Support Files/Pods-JustinaTests/Pods-JustinaTests.release.xcconfig"; sourceTree = "<group>"; };
		9A181F707F343CB25112995A /* Pods-JustinaTests.debug.xcconfig */ = {isa = PBXFileReference; includeInIndex = 1; lastKnownFileType = text.xcconfig; name = "Pods-JustinaTests.debug.xcconfig"; path = "Target Support Files/Pods-JustinaTests/Pods-JustinaTests.debug.xcconfig"; sourceTree = "<group>"; };
		AF1C4732250D4D200005059B /* UIColor+.swift */ = {isa = PBXFileReference; lastKnownFileType = sourcecode.swift; path = "UIColor+.swift"; sourceTree = "<group>"; };
		AF1C4734250D4F0F0005059B /* JustinaMessageTableViewCell.swift */ = {isa = PBXFileReference; lastKnownFileType = sourcecode.swift; path = JustinaMessageTableViewCell.swift; sourceTree = "<group>"; };
		AF1C4735250D4F0F0005059B /* JustinaMessageTableViewCell.xib */ = {isa = PBXFileReference; lastKnownFileType = file.xib; path = JustinaMessageTableViewCell.xib; sourceTree = "<group>"; };
		AF2B0E0B255D681C0006E084 /* TextFieldTableViewCell.swift */ = {isa = PBXFileReference; lastKnownFileType = sourcecode.swift; path = TextFieldTableViewCell.swift; sourceTree = "<group>"; };
		AF2B0E0C255D681C0006E084 /* TextFieldTableViewCell.xib */ = {isa = PBXFileReference; lastKnownFileType = file.xib; path = TextFieldTableViewCell.xib; sourceTree = "<group>"; };
		AF2B0E1A255D6FD00006E084 /* FormsModel.swift */ = {isa = PBXFileReference; lastKnownFileType = sourcecode.swift; path = FormsModel.swift; sourceTree = "<group>"; };
		AF36954B24FE8B2400591528 /* Coordinator.swift */ = {isa = PBXFileReference; lastKnownFileType = sourcecode.swift; path = Coordinator.swift; sourceTree = "<group>"; };
		AF36954E24FE8E1200591528 /* Storyboarded.swift */ = {isa = PBXFileReference; lastKnownFileType = sourcecode.swift; path = Storyboarded.swift; sourceTree = "<group>"; };
		AF36955024FE8EF500591528 /* MainCoordinator.swift */ = {isa = PBXFileReference; lastKnownFileType = sourcecode.swift; path = MainCoordinator.swift; sourceTree = "<group>"; };
		AF36955224FE901200591528 /* NavigationCoordinator.swift */ = {isa = PBXFileReference; lastKnownFileType = sourcecode.swift; path = NavigationCoordinator.swift; sourceTree = "<group>"; };
		AF390337250280480062E7C2 /* UIView+.swift */ = {isa = PBXFileReference; lastKnownFileType = sourcecode.swift; path = "UIView+.swift"; sourceTree = "<group>"; };
		AF5EAB0425124BAE005CE765 /* ProcessosInfoVC.swift */ = {isa = PBXFileReference; lastKnownFileType = sourcecode.swift; path = ProcessosInfoVC.swift; sourceTree = "<group>"; };
		AF66083325090670004C185D /* MessageSentTableViewCell.swift */ = {isa = PBXFileReference; lastKnownFileType = sourcecode.swift; path = MessageSentTableViewCell.swift; sourceTree = "<group>"; };
		AF66083425090670004C185D /* MessageSentTableViewCell.xib */ = {isa = PBXFileReference; lastKnownFileType = file.xib; path = MessageSentTableViewCell.xib; sourceTree = "<group>"; };
		AF68C77F2544BCD900BD401D /* ContactInfoVC.swift */ = {isa = PBXFileReference; lastKnownFileType = sourcecode.swift; path = ContactInfoVC.swift; sourceTree = "<group>"; };
		AF68C7842544C3F600BD401D /* CompanyDataVC.swift */ = {isa = PBXFileReference; lastKnownFileType = sourcecode.swift; path = CompanyDataVC.swift; sourceTree = "<group>"; };
		AF7AFCCE252F48CB007DC2D0 /* ProcessosInfoTableViewCell.swift */ = {isa = PBXFileReference; lastKnownFileType = sourcecode.swift; path = ProcessosInfoTableViewCell.swift; sourceTree = "<group>"; };
		AF7AFCCF252F48CB007DC2D0 /* ProcessosInfoTableViewCell.xib */ = {isa = PBXFileReference; lastKnownFileType = file.xib; path = ProcessosInfoTableViewCell.xib; sourceTree = "<group>"; };
		AF7AFD1825309C1E007DC2D0 /* VisaoGeralProcessosVC.swift */ = {isa = PBXFileReference; lastKnownFileType = sourcecode.swift; path = VisaoGeralProcessosVC.swift; sourceTree = "<group>"; };
		AF7AFD1D25309CCD007DC2D0 /* PeticaoProcessosVC.swift */ = {isa = PBXFileReference; lastKnownFileType = sourcecode.swift; path = PeticaoProcessosVC.swift; sourceTree = "<group>"; };
		AF7F10012539CC0200314EE8 /* PeticaoProcessosModel.swift */ = {isa = PBXFileReference; lastKnownFileType = sourcecode.swift; path = PeticaoProcessosModel.swift; sourceTree = "<group>"; };
		AF8A00622541C21900231746 /* OnboardingPageVC.swift */ = {isa = PBXFileReference; fileEncoding = 4; lastKnownFileType = sourcecode.swift; path = OnboardingPageVC.swift; sourceTree = "<group>"; };
		AF8A00632541C21900231746 /* OnboardingVC.swift */ = {isa = PBXFileReference; fileEncoding = 4; lastKnownFileType = sourcecode.swift; path = OnboardingVC.swift; sourceTree = "<group>"; };
		AF8A00642541C21900231746 /* OnboardingContentVC.swift */ = {isa = PBXFileReference; fileEncoding = 4; lastKnownFileType = sourcecode.swift; path = OnboardingContentVC.swift; sourceTree = "<group>"; };
		AF8A006B2541C23100231746 /* Onboarding.storyboard */ = {isa = PBXFileReference; fileEncoding = 4; lastKnownFileType = file.storyboard; path = Onboarding.storyboard; sourceTree = "<group>"; };
		AFB10D2D250A54E700A1381A /* KeyboardLayoutGuide.swift */ = {isa = PBXFileReference; lastKnownFileType = sourcecode.swift; path = KeyboardLayoutGuide.swift; sourceTree = "<group>"; };
		AFB10D30250A61F700A1381A /* DataCoordinator.swift */ = {isa = PBXFileReference; lastKnownFileType = sourcecode.swift; path = DataCoordinator.swift; sourceTree = "<group>"; };
		AFB10D32250A62B400A1381A /* PersonalDataVC.swift */ = {isa = PBXFileReference; lastKnownFileType = sourcecode.swift; path = PersonalDataVC.swift; sourceTree = "<group>"; };
		AFB10D34250A651C00A1381A /* AppCoordinator.swift */ = {isa = PBXFileReference; lastKnownFileType = sourcecode.swift; path = AppCoordinator.swift; sourceTree = "<group>"; };
		AFB59AF024FFE68300FB9207 /* Justina.storyboard */ = {isa = PBXFileReference; lastKnownFileType = file.storyboard; path = Justina.storyboard; sourceTree = "<group>"; };
		AFB59AF224FFE6A800FB9207 /* JustinaVC.swift */ = {isa = PBXFileReference; lastKnownFileType = sourcecode.swift; path = JustinaVC.swift; sourceTree = "<group>"; };
		AFD757AA25543F82008F2907 /* OnboardingEndVC.swift */ = {isa = PBXFileReference; lastKnownFileType = sourcecode.swift; path = OnboardingEndVC.swift; sourceTree = "<group>"; };
		AFEC0BA224FE83A70022C25A /* Justina.app */ = {isa = PBXFileReference; explicitFileType = wrapper.application; includeInIndex = 0; path = Justina.app; sourceTree = BUILT_PRODUCTS_DIR; };
		AFEC0BA524FE83A70022C25A /* AppDelegate.swift */ = {isa = PBXFileReference; lastKnownFileType = sourcecode.swift; path = AppDelegate.swift; sourceTree = "<group>"; };
		AFEC0BA724FE83A70022C25A /* SceneDelegate.swift */ = {isa = PBXFileReference; lastKnownFileType = sourcecode.swift; path = SceneDelegate.swift; sourceTree = "<group>"; };
		AFEC0BA924FE83A70022C25A /* MainVC.swift */ = {isa = PBXFileReference; lastKnownFileType = sourcecode.swift; path = MainVC.swift; sourceTree = "<group>"; };
		AFEC0BAC24FE83A70022C25A /* Base */ = {isa = PBXFileReference; lastKnownFileType = file.storyboard; name = Base; path = Base.lproj/Main.storyboard; sourceTree = "<group>"; };
		AFEC0BAE24FE83A90022C25A /* Assets.xcassets */ = {isa = PBXFileReference; lastKnownFileType = folder.assetcatalog; path = Assets.xcassets; sourceTree = "<group>"; };
		AFEC0BB124FE83A90022C25A /* Base */ = {isa = PBXFileReference; lastKnownFileType = file.storyboard; name = Base; path = Base.lproj/LaunchScreen.storyboard; sourceTree = "<group>"; };
		AFEC0BB324FE83A90022C25A /* Info.plist */ = {isa = PBXFileReference; lastKnownFileType = text.plist.xml; path = Info.plist; sourceTree = "<group>"; };
		AFEC0BB824FE83A90022C25A /* JustinaTests.xctest */ = {isa = PBXFileReference; explicitFileType = wrapper.cfbundle; includeInIndex = 0; path = JustinaTests.xctest; sourceTree = BUILT_PRODUCTS_DIR; };
		AFEC0BBC24FE83A90022C25A /* JustinaTests.swift */ = {isa = PBXFileReference; lastKnownFileType = sourcecode.swift; path = JustinaTests.swift; sourceTree = "<group>"; };
		AFEC0BBE24FE83A90022C25A /* Info.plist */ = {isa = PBXFileReference; lastKnownFileType = text.plist.xml; path = Info.plist; sourceTree = "<group>"; };
		AFEC0BC324FE83AA0022C25A /* JustinaUITests.xctest */ = {isa = PBXFileReference; explicitFileType = wrapper.cfbundle; includeInIndex = 0; path = JustinaUITests.xctest; sourceTree = BUILT_PRODUCTS_DIR; };
		AFEC0BC724FE83AA0022C25A /* JustinaUITests.swift */ = {isa = PBXFileReference; lastKnownFileType = sourcecode.swift; path = JustinaUITests.swift; sourceTree = "<group>"; };
		AFEC0BC924FE83AA0022C25A /* Info.plist */ = {isa = PBXFileReference; lastKnownFileType = text.plist.xml; path = Info.plist; sourceTree = "<group>"; };
		AFF2552C255975AC00EC07FF /* NovaPeticaoVC.swift */ = {isa = PBXFileReference; lastKnownFileType = sourcecode.swift; path = NovaPeticaoVC.swift; sourceTree = "<group>"; };
		AFF255392559796700EC07FF /* NovaPeticaoTableViewCell.swift */ = {isa = PBXFileReference; lastKnownFileType = sourcecode.swift; path = NovaPeticaoTableViewCell.swift; sourceTree = "<group>"; };
		AFF2553A2559796700EC07FF /* NovaPeticaoTableViewCell.xib */ = {isa = PBXFileReference; lastKnownFileType = file.xib; path = NovaPeticaoTableViewCell.xib; sourceTree = "<group>"; };
		AFF2554025597B5B00EC07FF /* NovaPeticaoModel.swift */ = {isa = PBXFileReference; lastKnownFileType = sourcecode.swift; path = NovaPeticaoModel.swift; sourceTree = "<group>"; };
		AFF3D6D7250D578400D0DFF9 /* ProcessosTableViewCell.swift */ = {isa = PBXFileReference; lastKnownFileType = sourcecode.swift; path = ProcessosTableViewCell.swift; sourceTree = "<group>"; };
		AFF3D6D8250D578400D0DFF9 /* ProcessosTableViewCell.xib */ = {isa = PBXFileReference; lastKnownFileType = file.xib; path = ProcessosTableViewCell.xib; sourceTree = "<group>"; };
		AFF3D6DC250FA03500D0DFF9 /* AddProcessoTableViewCell.swift */ = {isa = PBXFileReference; lastKnownFileType = sourcecode.swift; path = AddProcessoTableViewCell.swift; sourceTree = "<group>"; };
		AFF3D6DD250FA03500D0DFF9 /* AddProcessoTableViewCell.xib */ = {isa = PBXFileReference; lastKnownFileType = file.xib; path = AddProcessoTableViewCell.xib; sourceTree = "<group>"; };
		AFF3D6E3250FA2BF00D0DFF9 /* SectionHeaderTableViewCell.swift */ = {isa = PBXFileReference; lastKnownFileType = sourcecode.swift; path = SectionHeaderTableViewCell.swift; sourceTree = "<group>"; };
		AFF3D6E4250FA2BF00D0DFF9 /* SectionHeaderTableViewCell.xib */ = {isa = PBXFileReference; lastKnownFileType = file.xib; path = SectionHeaderTableViewCell.xib; sourceTree = "<group>"; };
		AFF3D6E7250FA4B200D0DFF9 /* CellIdentifiers.swift */ = {isa = PBXFileReference; lastKnownFileType = sourcecode.swift; path = CellIdentifiers.swift; sourceTree = "<group>"; };
		CF7C505ED4F4C2A0305D2CBD /* Pods_JustinaTests.framework */ = {isa = PBXFileReference; explicitFileType = wrapper.framework; includeInIndex = 0; path = Pods_JustinaTests.framework; sourceTree = BUILT_PRODUCTS_DIR; };
		F31B333D522594084F8EA627 /* Pods-Justina.debug.xcconfig */ = {isa = PBXFileReference; includeInIndex = 1; lastKnownFileType = text.xcconfig; name = "Pods-Justina.debug.xcconfig"; path = "Target Support Files/Pods-Justina/Pods-Justina.debug.xcconfig"; sourceTree = "<group>"; };
		F8559FCB6ABD800B3D699792 /* Pods_Justina.framework */ = {isa = PBXFileReference; explicitFileType = wrapper.framework; includeInIndex = 0; path = Pods_Justina.framework; sourceTree = BUILT_PRODUCTS_DIR; };
/* End PBXFileReference section */

/* Begin PBXFrameworksBuildPhase section */
		AFEC0B9F24FE83A70022C25A /* Frameworks */ = {
			isa = PBXFrameworksBuildPhase;
			buildActionMask = 2147483647;
			files = (
				74C9F1FA31F37C7F10C7009A /* Pods_Justina.framework in Frameworks */,
			);
			runOnlyForDeploymentPostprocessing = 0;
		};
		AFEC0BB524FE83A90022C25A /* Frameworks */ = {
			isa = PBXFrameworksBuildPhase;
			buildActionMask = 2147483647;
			files = (
				4635EDC2D1E81363644850EF /* Pods_JustinaTests.framework in Frameworks */,
			);
			runOnlyForDeploymentPostprocessing = 0;
		};
		AFEC0BC024FE83AA0022C25A /* Frameworks */ = {
			isa = PBXFrameworksBuildPhase;
			buildActionMask = 2147483647;
			files = (
				366A338A0318A3D592FFF7F2 /* Pods_Justina_JustinaUITests.framework in Frameworks */,
			);
			runOnlyForDeploymentPostprocessing = 0;
		};
/* End PBXFrameworksBuildPhase section */

/* Begin PBXGroup section */
		51091A1AD92D8F60A4ED898F /* Pods */ = {
			isa = PBXGroup;
			children = (
				F31B333D522594084F8EA627 /* Pods-Justina.debug.xcconfig */,
				8BED632E1BA769038D9A477F /* Pods-Justina.release.xcconfig */,
				260A5A8B1FA8FC61CAF584E5 /* Pods-Justina-JustinaUITests.debug.xcconfig */,
				83B7532D8E7CF209D31F4F8E /* Pods-Justina-JustinaUITests.release.xcconfig */,
				9A181F707F343CB25112995A /* Pods-JustinaTests.debug.xcconfig */,
				8E4F327231606F0580E11975 /* Pods-JustinaTests.release.xcconfig */,
			);
			path = Pods;
			sourceTree = "<group>";
		};
		AF2B0E12255D68220006E084 /* Forms */ = {
			isa = PBXGroup;
			children = (
				AF2B0E0B255D681C0006E084 /* TextFieldTableViewCell.swift */,
				AF2B0E0C255D681C0006E084 /* TextFieldTableViewCell.xib */,
			);
			path = Forms;
			sourceTree = "<group>";
		};
		AF36954D24FE8B2B00591528 /* Coordinator */ = {
			isa = PBXGroup;
			children = (
				AFB10D34250A651C00A1381A /* AppCoordinator.swift */,
				AF36955024FE8EF500591528 /* MainCoordinator.swift */,
				AFB10D30250A61F700A1381A /* DataCoordinator.swift */,
				AF36955424FE908A00591528 /* Sources */,
			);
			path = Coordinator;
			sourceTree = "<group>";
		};
		AF36955424FE908A00591528 /* Sources */ = {
			isa = PBXGroup;
			children = (
				AF36954B24FE8B2400591528 /* Coordinator.swift */,
				AF36954E24FE8E1200591528 /* Storyboarded.swift */,
				AF36955224FE901200591528 /* NavigationCoordinator.swift */,
			);
			path = Sources;
			sourceTree = "<group>";
		};
		AF390336250280330062E7C2 /* AppDelegate */ = {
			isa = PBXGroup;
			children = (
				AFEC0BA524FE83A70022C25A /* AppDelegate.swift */,
				AFEC0BA724FE83A70022C25A /* SceneDelegate.swift */,
			);
			path = AppDelegate;
			sourceTree = "<group>";
		};
		AF390339250280540062E7C2 /* Extensions */ = {
			isa = PBXGroup;
			children = (
				AF390337250280480062E7C2 /* UIView+.swift */,
				AF1C4732250D4D200005059B /* UIColor+.swift */,
			);
			name = Extensions;
			path = Coordinator/Extensions;
			sourceTree = "<group>";
		};
		AF6608372509067C004C185D /* Cells */ = {
			isa = PBXGroup;
			children = (
				AFF3D6E7250FA4B200D0DFF9 /* CellIdentifiers.swift */,
				AF6EF1B6251A3DC8000C4646 /* ProcessosInfoVC */,
				AF66083825090689004C185D /* JustinaVC */,
				AFF3D6DB250D578800D0DFF9 /* MainVC */,
				AFF255452559820D00EC07FF /* NovaPeticaoVC */,
				AF2B0E12255D68220006E084 /* Forms */,
			);
			path = Cells;
			sourceTree = "<group>";
		};
		AF66083825090689004C185D /* JustinaVC */ = {
			isa = PBXGroup;
			children = (
				AF66083325090670004C185D /* MessageSentTableViewCell.swift */,
				AF66083425090670004C185D /* MessageSentTableViewCell.xib */,
				AF1C4734250D4F0F0005059B /* JustinaMessageTableViewCell.swift */,
				AF1C4735250D4F0F0005059B /* JustinaMessageTableViewCell.xib */,
			);
			path = JustinaVC;
			sourceTree = "<group>";
		};
		AF68C7892544C40C00BD401D /* Nova Peticao */ = {
			isa = PBXGroup;
			children = (
				AFF2552C255975AC00EC07FF /* NovaPeticaoVC.swift */,
				AFB10D32250A62B400A1381A /* PersonalDataVC.swift */,
				AF68C77F2544BCD900BD401D /* ContactInfoVC.swift */,
				AF68C7842544C3F600BD401D /* CompanyDataVC.swift */,
			);
			path = "Nova Peticao";
			sourceTree = "<group>";
		};
		AF6EF1B6251A3DC8000C4646 /* ProcessosInfoVC */ = {
			isa = PBXGroup;
			children = (
				AF7AFCCE252F48CB007DC2D0 /* ProcessosInfoTableViewCell.swift */,
				AF7AFCCF252F48CB007DC2D0 /* ProcessosInfoTableViewCell.xib */,
			);
			name = ProcessosInfoVC;
			sourceTree = "<group>";
		};
		AF7AFD1425309BBE007DC2D0 /* Painel da Petição */ = {
			isa = PBXGroup;
			children = (
				AF5EAB0425124BAE005CE765 /* ProcessosInfoVC.swift */,
				AF7AFD1825309C1E007DC2D0 /* VisaoGeralProcessosVC.swift */,
				AF7AFD1D25309CCD007DC2D0 /* PeticaoProcessosVC.swift */,
			);
			name = "Painel da Petição";
			path = "Painel da Petição";
			sourceTree = "<group>";
		};
		AF7F10062539CC0D00314EE8 /* Model */ = {
			isa = PBXGroup;
			children = (
				AF2B0E1A255D6FD00006E084 /* FormsModel.swift */,
				AF7F10012539CC0200314EE8 /* PeticaoProcessosModel.swift */,
				AFF2554025597B5B00EC07FF /* NovaPeticaoModel.swift */,
			);
			path = Model;
			sourceTree = "<group>";
		};
		AF8A00612541C21900231746 /* Onboarding */ = {
			isa = PBXGroup;
			children = (
				AFD757AA25543F82008F2907 /* OnboardingEndVC.swift */,
				AF8A00622541C21900231746 /* OnboardingPageVC.swift */,
				AF8A00632541C21900231746 /* OnboardingVC.swift */,
				AF8A00642541C21900231746 /* OnboardingContentVC.swift */,
			);
			path = Onboarding;
			sourceTree = "<group>";
		};
		AFB10D2F250A54EB00A1381A /* Extensions */ = {
			isa = PBXGroup;
			children = (
				AFB10D2D250A54E700A1381A /* KeyboardLayoutGuide.swift */,
			);
			path = Extensions;
			sourceTree = "<group>";
		};
		AFEC0B9924FE83A70022C25A = {
			isa = PBXGroup;
			children = (
				AFEC0BA424FE83A70022C25A /* Justina */,
				AFEC0BBB24FE83A90022C25A /* JustinaTests */,
				AFEC0BC624FE83AA0022C25A /* JustinaUITests */,
				AFEC0BA324FE83A70022C25A /* Products */,
				51091A1AD92D8F60A4ED898F /* Pods */,
				B34A95855BC0E3E8A29A8957 /* Frameworks */,
			);
			sourceTree = "<group>";
		};
		AFEC0BA324FE83A70022C25A /* Products */ = {
			isa = PBXGroup;
			children = (
				AFEC0BA224FE83A70022C25A /* Justina.app */,
				AFEC0BB824FE83A90022C25A /* JustinaTests.xctest */,
				AFEC0BC324FE83AA0022C25A /* JustinaUITests.xctest */,
			);
			name = Products;
			sourceTree = "<group>";
		};
		AFEC0BA424FE83A70022C25A /* Justina */ = {
			isa = PBXGroup;
			children = (
				AFEC0BB324FE83A90022C25A /* Info.plist */,
				AF390339250280540062E7C2 /* Extensions */,
				AF36954D24FE8B2B00591528 /* Coordinator */,
				AF390336250280330062E7C2 /* AppDelegate */,
				AFEC0BD524FE84660022C25A /* ViewController */,
				AFEC0BD624FE847F0022C25A /* View */,
				AFEC0BAE24FE83A90022C25A /* Assets.xcassets */,
				AFB10D2F250A54EB00A1381A /* Extensions */,
				AF7F10062539CC0D00314EE8 /* Model */,
			);
			path = Justina;
			sourceTree = "<group>";
		};
		AFEC0BBB24FE83A90022C25A /* JustinaTests */ = {
			isa = PBXGroup;
			children = (
				AFEC0BBC24FE83A90022C25A /* JustinaTests.swift */,
				AFEC0BBE24FE83A90022C25A /* Info.plist */,
			);
			path = JustinaTests;
			sourceTree = "<group>";
		};
		AFEC0BC624FE83AA0022C25A /* JustinaUITests */ = {
			isa = PBXGroup;
			children = (
				AFEC0BC724FE83AA0022C25A /* JustinaUITests.swift */,
				AFEC0BC924FE83AA0022C25A /* Info.plist */,
			);
			path = JustinaUITests;
			sourceTree = "<group>";
		};
		AFEC0BD524FE84660022C25A /* ViewController */ = {
			isa = PBXGroup;
			children = (
				AF8A00612541C21900231746 /* Onboarding */,
				AFEC0BA924FE83A70022C25A /* MainVC.swift */,
				AF7AFD1425309BBE007DC2D0 /* Painel da Petição */,
				AF68C7892544C40C00BD401D /* Nova Peticao */,
				AFB59AF224FFE6A800FB9207 /* JustinaVC.swift */,
			);
			path = ViewController;
			sourceTree = "<group>";
		};
		AFEC0BD624FE847F0022C25A /* View */ = {
			isa = PBXGroup;
			children = (
				AF8A006B2541C23100231746 /* Onboarding.storyboard */,
				AFEC0BB024FE83A90022C25A /* LaunchScreen.storyboard */,
				AFEC0BAB24FE83A70022C25A /* Main.storyboard */,
				AFB59AF024FFE68300FB9207 /* Justina.storyboard */,
				6C4AA0D1250A542A0017DC70 /* PersonalData.storyboard */,
				AF6608372509067C004C185D /* Cells */,
			);
			path = View;
			sourceTree = "<group>";
		};
		AFF255452559820D00EC07FF /* NovaPeticaoVC */ = {
			isa = PBXGroup;
			children = (
				AFF255392559796700EC07FF /* NovaPeticaoTableViewCell.swift */,
				AFF2553A2559796700EC07FF /* NovaPeticaoTableViewCell.xib */,
			);
			path = NovaPeticaoVC;
			sourceTree = "<group>";
		};
		AFF3D6DB250D578800D0DFF9 /* MainVC */ = {
			isa = PBXGroup;
			children = (
				AFF3D6E3250FA2BF00D0DFF9 /* SectionHeaderTableViewCell.swift */,
				AFF3D6E4250FA2BF00D0DFF9 /* SectionHeaderTableViewCell.xib */,
				AFF3D6E2250FA24400D0DFF9 /* ProcessoSection */,
			);
			path = MainVC;
			sourceTree = "<group>";
		};
		AFF3D6E2250FA24400D0DFF9 /* ProcessoSection */ = {
			isa = PBXGroup;
			children = (
				AFF3D6D7250D578400D0DFF9 /* ProcessosTableViewCell.swift */,
				AFF3D6D8250D578400D0DFF9 /* ProcessosTableViewCell.xib */,
				AFF3D6DC250FA03500D0DFF9 /* AddProcessoTableViewCell.swift */,
				AFF3D6DD250FA03500D0DFF9 /* AddProcessoTableViewCell.xib */,
			);
			path = ProcessoSection;
			sourceTree = "<group>";
		};
		B34A95855BC0E3E8A29A8957 /* Frameworks */ = {
			isa = PBXGroup;
			children = (
				F8559FCB6ABD800B3D699792 /* Pods_Justina.framework */,
				642C191E0A3E24B53F429780 /* Pods_Justina_JustinaUITests.framework */,
				CF7C505ED4F4C2A0305D2CBD /* Pods_JustinaTests.framework */,
			);
			name = Frameworks;
			sourceTree = "<group>";
		};
/* End PBXGroup section */

/* Begin PBXNativeTarget section */
		AFEC0BA124FE83A70022C25A /* Justina */ = {
			isa = PBXNativeTarget;
			buildConfigurationList = AFEC0BCC24FE83AA0022C25A /* Build configuration list for PBXNativeTarget "Justina" */;
			buildPhases = (
				42451D21B3468FD3E1536DEB /* [CP] Check Pods Manifest.lock */,
				AFEC0B9E24FE83A70022C25A /* Sources */,
				AFEC0B9F24FE83A70022C25A /* Frameworks */,
				AFEC0BA024FE83A70022C25A /* Resources */,
				966C149D8925707F0A5F8771 /* [CP] Embed Pods Frameworks */,
			);
			buildRules = (
			);
			dependencies = (
			);
			name = Justina;
			productName = Justina;
			productReference = AFEC0BA224FE83A70022C25A /* Justina.app */;
			productType = "com.apple.product-type.application";
		};
		AFEC0BB724FE83A90022C25A /* JustinaTests */ = {
			isa = PBXNativeTarget;
			buildConfigurationList = AFEC0BCF24FE83AA0022C25A /* Build configuration list for PBXNativeTarget "JustinaTests" */;
			buildPhases = (
				472715ECDD4114B72899AF81 /* [CP] Check Pods Manifest.lock */,
				AFEC0BB424FE83A90022C25A /* Sources */,
				AFEC0BB524FE83A90022C25A /* Frameworks */,
				AFEC0BB624FE83A90022C25A /* Resources */,
			);
			buildRules = (
			);
			dependencies = (
				AFEC0BBA24FE83A90022C25A /* PBXTargetDependency */,
			);
			name = JustinaTests;
			productName = JustinaTests;
			productReference = AFEC0BB824FE83A90022C25A /* JustinaTests.xctest */;
			productType = "com.apple.product-type.bundle.unit-test";
		};
		AFEC0BC224FE83AA0022C25A /* JustinaUITests */ = {
			isa = PBXNativeTarget;
			buildConfigurationList = AFEC0BD224FE83AA0022C25A /* Build configuration list for PBXNativeTarget "JustinaUITests" */;
			buildPhases = (
				0FFC12C27268D9DDF16A8093 /* [CP] Check Pods Manifest.lock */,
				AFEC0BBF24FE83AA0022C25A /* Sources */,
				AFEC0BC024FE83AA0022C25A /* Frameworks */,
				AFEC0BC124FE83AA0022C25A /* Resources */,
				8C286B18FBFE82BE388D1003 /* [CP] Embed Pods Frameworks */,
			);
			buildRules = (
			);
			dependencies = (
				AFEC0BC524FE83AA0022C25A /* PBXTargetDependency */,
			);
			name = JustinaUITests;
			productName = JustinaUITests;
			productReference = AFEC0BC324FE83AA0022C25A /* JustinaUITests.xctest */;
			productType = "com.apple.product-type.bundle.ui-testing";
		};
/* End PBXNativeTarget section */

/* Begin PBXProject section */
		AFEC0B9A24FE83A70022C25A /* Project object */ = {
			isa = PBXProject;
			attributes = {
				LastSwiftUpdateCheck = 1150;
				LastUpgradeCheck = 1150;
				ORGANIZATIONNAME = aweirdossauro;
				TargetAttributes = {
					AFEC0BA124FE83A70022C25A = {
						CreatedOnToolsVersion = 11.5;
					};
					AFEC0BB724FE83A90022C25A = {
						CreatedOnToolsVersion = 11.5;
						TestTargetID = AFEC0BA124FE83A70022C25A;
					};
					AFEC0BC224FE83AA0022C25A = {
						CreatedOnToolsVersion = 11.5;
						TestTargetID = AFEC0BA124FE83A70022C25A;
					};
				};
			};
			buildConfigurationList = AFEC0B9D24FE83A70022C25A /* Build configuration list for PBXProject "Justina" */;
			compatibilityVersion = "Xcode 9.3";
			developmentRegion = en;
			hasScannedForEncodings = 0;
			knownRegions = (
				en,
				Base,
			);
			mainGroup = AFEC0B9924FE83A70022C25A;
			productRefGroup = AFEC0BA324FE83A70022C25A /* Products */;
			projectDirPath = "";
			projectRoot = "";
			targets = (
				AFEC0BA124FE83A70022C25A /* Justina */,
				AFEC0BB724FE83A90022C25A /* JustinaTests */,
				AFEC0BC224FE83AA0022C25A /* JustinaUITests */,
			);
		};
/* End PBXProject section */

/* Begin PBXResourcesBuildPhase section */
		AFEC0BA024FE83A70022C25A /* Resources */ = {
			isa = PBXResourcesBuildPhase;
			buildActionMask = 2147483647;
			files = (
				6C4AA0D2250A542A0017DC70 /* PersonalData.storyboard in Resources */,
				AF1C4737250D4F0F0005059B /* JustinaMessageTableViewCell.xib in Resources */,
				AFF3D6E6250FA2BF00D0DFF9 /* SectionHeaderTableViewCell.xib in Resources */,
				AF8A006C2541C23200231746 /* Onboarding.storyboard in Resources */,
				AFEC0BB224FE83A90022C25A /* LaunchScreen.storyboard in Resources */,
				AFEC0BAF24FE83A90022C25A /* Assets.xcassets in Resources */,
				AFF2553C2559796700EC07FF /* NovaPeticaoTableViewCell.xib in Resources */,
				AFEC0BAD24FE83A70022C25A /* Main.storyboard in Resources */,
				AFF3D6DF250FA03500D0DFF9 /* AddProcessoTableViewCell.xib in Resources */,
				AF7AFCD1252F48CB007DC2D0 /* ProcessosInfoTableViewCell.xib in Resources */,
				AFB59AF124FFE68300FB9207 /* Justina.storyboard in Resources */,
				AF2B0E0E255D681C0006E084 /* TextFieldTableViewCell.xib in Resources */,
				AF66083625090670004C185D /* MessageSentTableViewCell.xib in Resources */,
				AFF3D6DA250D578400D0DFF9 /* ProcessosTableViewCell.xib in Resources */,
			);
			runOnlyForDeploymentPostprocessing = 0;
		};
		AFEC0BB624FE83A90022C25A /* Resources */ = {
			isa = PBXResourcesBuildPhase;
			buildActionMask = 2147483647;
			files = (
			);
			runOnlyForDeploymentPostprocessing = 0;
		};
		AFEC0BC124FE83AA0022C25A /* Resources */ = {
			isa = PBXResourcesBuildPhase;
			buildActionMask = 2147483647;
			files = (
			);
			runOnlyForDeploymentPostprocessing = 0;
		};
/* End PBXResourcesBuildPhase section */

/* Begin PBXShellScriptBuildPhase section */
		0FFC12C27268D9DDF16A8093 /* [CP] Check Pods Manifest.lock */ = {
			isa = PBXShellScriptBuildPhase;
			buildActionMask = 2147483647;
			files = (
			);
			inputFileListPaths = (
			);
			inputPaths = (
				"${PODS_PODFILE_DIR_PATH}/Podfile.lock",
				"${PODS_ROOT}/Manifest.lock",
			);
			name = "[CP] Check Pods Manifest.lock";
			outputFileListPaths = (
			);
			outputPaths = (
				"$(DERIVED_FILE_DIR)/Pods-Justina-JustinaUITests-checkManifestLockResult.txt",
			);
			runOnlyForDeploymentPostprocessing = 0;
			shellPath = /bin/sh;
			shellScript = "diff \"${PODS_PODFILE_DIR_PATH}/Podfile.lock\" \"${PODS_ROOT}/Manifest.lock\" > /dev/null\nif [ $? != 0 ] ; then\n    # print error to STDERR\n    echo \"error: The sandbox is not in sync with the Podfile.lock. Run 'pod install' or update your CocoaPods installation.\" >&2\n    exit 1\nfi\n# This output is used by Xcode 'outputs' to avoid re-running this script phase.\necho \"SUCCESS\" > \"${SCRIPT_OUTPUT_FILE_0}\"\n";
			showEnvVarsInLog = 0;
		};
		42451D21B3468FD3E1536DEB /* [CP] Check Pods Manifest.lock */ = {
			isa = PBXShellScriptBuildPhase;
			buildActionMask = 2147483647;
			files = (
			);
			inputFileListPaths = (
			);
			inputPaths = (
				"${PODS_PODFILE_DIR_PATH}/Podfile.lock",
				"${PODS_ROOT}/Manifest.lock",
			);
			name = "[CP] Check Pods Manifest.lock";
			outputFileListPaths = (
			);
			outputPaths = (
				"$(DERIVED_FILE_DIR)/Pods-Justina-checkManifestLockResult.txt",
			);
			runOnlyForDeploymentPostprocessing = 0;
			shellPath = /bin/sh;
			shellScript = "diff \"${PODS_PODFILE_DIR_PATH}/Podfile.lock\" \"${PODS_ROOT}/Manifest.lock\" > /dev/null\nif [ $? != 0 ] ; then\n    # print error to STDERR\n    echo \"error: The sandbox is not in sync with the Podfile.lock. Run 'pod install' or update your CocoaPods installation.\" >&2\n    exit 1\nfi\n# This output is used by Xcode 'outputs' to avoid re-running this script phase.\necho \"SUCCESS\" > \"${SCRIPT_OUTPUT_FILE_0}\"\n";
			showEnvVarsInLog = 0;
		};
		472715ECDD4114B72899AF81 /* [CP] Check Pods Manifest.lock */ = {
			isa = PBXShellScriptBuildPhase;
			buildActionMask = 2147483647;
			files = (
			);
			inputFileListPaths = (
			);
			inputPaths = (
				"${PODS_PODFILE_DIR_PATH}/Podfile.lock",
				"${PODS_ROOT}/Manifest.lock",
			);
			name = "[CP] Check Pods Manifest.lock";
			outputFileListPaths = (
			);
			outputPaths = (
				"$(DERIVED_FILE_DIR)/Pods-JustinaTests-checkManifestLockResult.txt",
			);
			runOnlyForDeploymentPostprocessing = 0;
			shellPath = /bin/sh;
			shellScript = "diff \"${PODS_PODFILE_DIR_PATH}/Podfile.lock\" \"${PODS_ROOT}/Manifest.lock\" > /dev/null\nif [ $? != 0 ] ; then\n    # print error to STDERR\n    echo \"error: The sandbox is not in sync with the Podfile.lock. Run 'pod install' or update your CocoaPods installation.\" >&2\n    exit 1\nfi\n# This output is used by Xcode 'outputs' to avoid re-running this script phase.\necho \"SUCCESS\" > \"${SCRIPT_OUTPUT_FILE_0}\"\n";
			showEnvVarsInLog = 0;
		};
		8C286B18FBFE82BE388D1003 /* [CP] Embed Pods Frameworks */ = {
			isa = PBXShellScriptBuildPhase;
			buildActionMask = 2147483647;
			files = (
			);
			inputFileListPaths = (
				"${PODS_ROOT}/Target Support Files/Pods-Justina-JustinaUITests/Pods-Justina-JustinaUITests-frameworks-${CONFIGURATION}-input-files.xcfilelist",
			);
			name = "[CP] Embed Pods Frameworks";
			outputFileListPaths = (
				"${PODS_ROOT}/Target Support Files/Pods-Justina-JustinaUITests/Pods-Justina-JustinaUITests-frameworks-${CONFIGURATION}-output-files.xcfilelist",
			);
			runOnlyForDeploymentPostprocessing = 0;
			shellPath = /bin/sh;
			shellScript = "\"${PODS_ROOT}/Target Support Files/Pods-Justina-JustinaUITests/Pods-Justina-JustinaUITests-frameworks.sh\"\n";
			showEnvVarsInLog = 0;
		};
		966C149D8925707F0A5F8771 /* [CP] Embed Pods Frameworks */ = {
			isa = PBXShellScriptBuildPhase;
			buildActionMask = 2147483647;
			files = (
			);
			inputFileListPaths = (
				"${PODS_ROOT}/Target Support Files/Pods-Justina/Pods-Justina-frameworks-${CONFIGURATION}-input-files.xcfilelist",
			);
			name = "[CP] Embed Pods Frameworks";
			outputFileListPaths = (
				"${PODS_ROOT}/Target Support Files/Pods-Justina/Pods-Justina-frameworks-${CONFIGURATION}-output-files.xcfilelist",
			);
			runOnlyForDeploymentPostprocessing = 0;
			shellPath = /bin/sh;
			shellScript = "\"${PODS_ROOT}/Target Support Files/Pods-Justina/Pods-Justina-frameworks.sh\"\n";
			showEnvVarsInLog = 0;
		};
/* End PBXShellScriptBuildPhase section */

/* Begin PBXSourcesBuildPhase section */
		AFEC0B9E24FE83A70022C25A /* Sources */ = {
			isa = PBXSourcesBuildPhase;
			buildActionMask = 2147483647;
			files = (
				AFF2552D255975AC00EC07FF /* NovaPeticaoVC.swift in Sources */,
				AFB10D33250A62B400A1381A /* PersonalDataVC.swift in Sources */,
				AFF3D6E5250FA2BF00D0DFF9 /* SectionHeaderTableViewCell.swift in Sources */,
				AF7AFD1E25309CCD007DC2D0 /* PeticaoProcessosVC.swift in Sources */,
				AF68C7802544BCD900BD401D /* ContactInfoVC.swift in Sources */,
				AFF2553B2559796700EC07FF /* NovaPeticaoTableViewCell.swift in Sources */,
				AF8A00652541C21A00231746 /* OnboardingPageVC.swift in Sources */,
				AFB10D2E250A54E700A1381A /* KeyboardLayoutGuide.swift in Sources */,
				AF5EAB0525124BAF005CE765 /* ProcessosInfoVC.swift in Sources */,
				AF2B0E0D255D681C0006E084 /* TextFieldTableViewCell.swift in Sources */,
				AF7F10022539CC0200314EE8 /* PeticaoProcessosModel.swift in Sources */,
				AF36954C24FE8B2400591528 /* Coordinator.swift in Sources */,
				AFB59AF324FFE6A800FB9207 /* JustinaVC.swift in Sources */,
				AFF3D6D9250D578400D0DFF9 /* ProcessosTableViewCell.swift in Sources */,
				AF36955124FE8EF500591528 /* MainCoordinator.swift in Sources */,
				AF2B0E1B255D6FD00006E084 /* FormsModel.swift in Sources */,
				AF7AFCD0252F48CB007DC2D0 /* ProcessosInfoTableViewCell.swift in Sources */,
				AFEC0BAA24FE83A70022C25A /* MainVC.swift in Sources */,
				AF8A00662541C21A00231746 /* OnboardingVC.swift in Sources */,
				AF1C4736250D4F0F0005059B /* JustinaMessageTableViewCell.swift in Sources */,
				AFB10D35250A651C00A1381A /* AppCoordinator.swift in Sources */,
				AF36954F24FE8E1200591528 /* Storyboarded.swift in Sources */,
				AFB10D31250A61F700A1381A /* DataCoordinator.swift in Sources */,
				AFF2554125597B5B00EC07FF /* NovaPeticaoModel.swift in Sources */,
				AFF3D6DE250FA03500D0DFF9 /* AddProcessoTableViewCell.swift in Sources */,
				AFEC0BA624FE83A70022C25A /* AppDelegate.swift in Sources */,
				AFF3D6E8250FA4B200D0DFF9 /* CellIdentifiers.swift in Sources */,
				AFD757AB25543F82008F2907 /* OnboardingEndVC.swift in Sources */,
				AF390338250280480062E7C2 /* UIView+.swift in Sources */,
				AF66083525090670004C185D /* MessageSentTableViewCell.swift in Sources */,
				AFEC0BA824FE83A70022C25A /* SceneDelegate.swift in Sources */,
				AF7AFD1925309C1E007DC2D0 /* VisaoGeralProcessosVC.swift in Sources */,
				AF36955324FE901200591528 /* NavigationCoordinator.swift in Sources */,
				AF8A00672541C21A00231746 /* OnboardingContentVC.swift in Sources */,
				AF68C7852544C3F600BD401D /* CompanyDataVC.swift in Sources */,
				AF1C4733250D4D200005059B /* UIColor+.swift in Sources */,
			);
			runOnlyForDeploymentPostprocessing = 0;
		};
		AFEC0BB424FE83A90022C25A /* Sources */ = {
			isa = PBXSourcesBuildPhase;
			buildActionMask = 2147483647;
			files = (
				AFEC0BBD24FE83A90022C25A /* JustinaTests.swift in Sources */,
			);
			runOnlyForDeploymentPostprocessing = 0;
		};
		AFEC0BBF24FE83AA0022C25A /* Sources */ = {
			isa = PBXSourcesBuildPhase;
			buildActionMask = 2147483647;
			files = (
				AFEC0BC824FE83AA0022C25A /* JustinaUITests.swift in Sources */,
			);
			runOnlyForDeploymentPostprocessing = 0;
		};
/* End PBXSourcesBuildPhase section */

/* Begin PBXTargetDependency section */
		AFEC0BBA24FE83A90022C25A /* PBXTargetDependency */ = {
			isa = PBXTargetDependency;
			target = AFEC0BA124FE83A70022C25A /* Justina */;
			targetProxy = AFEC0BB924FE83A90022C25A /* PBXContainerItemProxy */;
		};
		AFEC0BC524FE83AA0022C25A /* PBXTargetDependency */ = {
			isa = PBXTargetDependency;
			target = AFEC0BA124FE83A70022C25A /* Justina */;
			targetProxy = AFEC0BC424FE83AA0022C25A /* PBXContainerItemProxy */;
		};
/* End PBXTargetDependency section */

/* Begin PBXVariantGroup section */
		AFEC0BAB24FE83A70022C25A /* Main.storyboard */ = {
			isa = PBXVariantGroup;
			children = (
				AFEC0BAC24FE83A70022C25A /* Base */,
			);
			name = Main.storyboard;
			sourceTree = "<group>";
		};
		AFEC0BB024FE83A90022C25A /* LaunchScreen.storyboard */ = {
			isa = PBXVariantGroup;
			children = (
				AFEC0BB124FE83A90022C25A /* Base */,
			);
			name = LaunchScreen.storyboard;
			sourceTree = "<group>";
		};
/* End PBXVariantGroup section */

/* Begin XCBuildConfiguration section */
		AFEC0BCA24FE83AA0022C25A /* Debug */ = {
			isa = XCBuildConfiguration;
			buildSettings = {
				ALWAYS_SEARCH_USER_PATHS = NO;
				CLANG_ANALYZER_NONNULL = YES;
				CLANG_ANALYZER_NUMBER_OBJECT_CONVERSION = YES_AGGRESSIVE;
				CLANG_CXX_LANGUAGE_STANDARD = "gnu++14";
				CLANG_CXX_LIBRARY = "libc++";
				CLANG_ENABLE_MODULES = YES;
				CLANG_ENABLE_OBJC_ARC = YES;
				CLANG_ENABLE_OBJC_WEAK = YES;
				CLANG_WARN_BLOCK_CAPTURE_AUTORELEASING = YES;
				CLANG_WARN_BOOL_CONVERSION = YES;
				CLANG_WARN_COMMA = YES;
				CLANG_WARN_CONSTANT_CONVERSION = YES;
				CLANG_WARN_DEPRECATED_OBJC_IMPLEMENTATIONS = YES;
				CLANG_WARN_DIRECT_OBJC_ISA_USAGE = YES_ERROR;
				CLANG_WARN_DOCUMENTATION_COMMENTS = YES;
				CLANG_WARN_EMPTY_BODY = YES;
				CLANG_WARN_ENUM_CONVERSION = YES;
				CLANG_WARN_INFINITE_RECURSION = YES;
				CLANG_WARN_INT_CONVERSION = YES;
				CLANG_WARN_NON_LITERAL_NULL_CONVERSION = YES;
				CLANG_WARN_OBJC_IMPLICIT_RETAIN_SELF = YES;
				CLANG_WARN_OBJC_LITERAL_CONVERSION = YES;
				CLANG_WARN_OBJC_ROOT_CLASS = YES_ERROR;
				CLANG_WARN_RANGE_LOOP_ANALYSIS = YES;
				CLANG_WARN_STRICT_PROTOTYPES = YES;
				CLANG_WARN_SUSPICIOUS_MOVE = YES;
				CLANG_WARN_UNGUARDED_AVAILABILITY = YES_AGGRESSIVE;
				CLANG_WARN_UNREACHABLE_CODE = YES;
				CLANG_WARN__DUPLICATE_METHOD_MATCH = YES;
				COPY_PHASE_STRIP = NO;
				DEBUG_INFORMATION_FORMAT = dwarf;
				ENABLE_STRICT_OBJC_MSGSEND = YES;
				ENABLE_TESTABILITY = YES;
				GCC_C_LANGUAGE_STANDARD = gnu11;
				GCC_DYNAMIC_NO_PIC = NO;
				GCC_NO_COMMON_BLOCKS = YES;
				GCC_OPTIMIZATION_LEVEL = 0;
				GCC_PREPROCESSOR_DEFINITIONS = (
					"DEBUG=1",
					"$(inherited)",
				);
				GCC_WARN_64_TO_32_BIT_CONVERSION = YES;
				GCC_WARN_ABOUT_RETURN_TYPE = YES_ERROR;
				GCC_WARN_UNDECLARED_SELECTOR = YES;
				GCC_WARN_UNINITIALIZED_AUTOS = YES_AGGRESSIVE;
				GCC_WARN_UNUSED_FUNCTION = YES;
				GCC_WARN_UNUSED_VARIABLE = YES;
				IPHONEOS_DEPLOYMENT_TARGET = 13.5;
				MTL_ENABLE_DEBUG_INFO = INCLUDE_SOURCE;
				MTL_FAST_MATH = YES;
				ONLY_ACTIVE_ARCH = YES;
				SDKROOT = iphoneos;
				SWIFT_ACTIVE_COMPILATION_CONDITIONS = DEBUG;
				SWIFT_OPTIMIZATION_LEVEL = "-Onone";
			};
			name = Debug;
		};
		AFEC0BCB24FE83AA0022C25A /* Release */ = {
			isa = XCBuildConfiguration;
			buildSettings = {
				ALWAYS_SEARCH_USER_PATHS = NO;
				CLANG_ANALYZER_NONNULL = YES;
				CLANG_ANALYZER_NUMBER_OBJECT_CONVERSION = YES_AGGRESSIVE;
				CLANG_CXX_LANGUAGE_STANDARD = "gnu++14";
				CLANG_CXX_LIBRARY = "libc++";
				CLANG_ENABLE_MODULES = YES;
				CLANG_ENABLE_OBJC_ARC = YES;
				CLANG_ENABLE_OBJC_WEAK = YES;
				CLANG_WARN_BLOCK_CAPTURE_AUTORELEASING = YES;
				CLANG_WARN_BOOL_CONVERSION = YES;
				CLANG_WARN_COMMA = YES;
				CLANG_WARN_CONSTANT_CONVERSION = YES;
				CLANG_WARN_DEPRECATED_OBJC_IMPLEMENTATIONS = YES;
				CLANG_WARN_DIRECT_OBJC_ISA_USAGE = YES_ERROR;
				CLANG_WARN_DOCUMENTATION_COMMENTS = YES;
				CLANG_WARN_EMPTY_BODY = YES;
				CLANG_WARN_ENUM_CONVERSION = YES;
				CLANG_WARN_INFINITE_RECURSION = YES;
				CLANG_WARN_INT_CONVERSION = YES;
				CLANG_WARN_NON_LITERAL_NULL_CONVERSION = YES;
				CLANG_WARN_OBJC_IMPLICIT_RETAIN_SELF = YES;
				CLANG_WARN_OBJC_LITERAL_CONVERSION = YES;
				CLANG_WARN_OBJC_ROOT_CLASS = YES_ERROR;
				CLANG_WARN_RANGE_LOOP_ANALYSIS = YES;
				CLANG_WARN_STRICT_PROTOTYPES = YES;
				CLANG_WARN_SUSPICIOUS_MOVE = YES;
				CLANG_WARN_UNGUARDED_AVAILABILITY = YES_AGGRESSIVE;
				CLANG_WARN_UNREACHABLE_CODE = YES;
				CLANG_WARN__DUPLICATE_METHOD_MATCH = YES;
				COPY_PHASE_STRIP = NO;
				DEBUG_INFORMATION_FORMAT = "dwarf-with-dsym";
				ENABLE_NS_ASSERTIONS = NO;
				ENABLE_STRICT_OBJC_MSGSEND = YES;
				GCC_C_LANGUAGE_STANDARD = gnu11;
				GCC_NO_COMMON_BLOCKS = YES;
				GCC_WARN_64_TO_32_BIT_CONVERSION = YES;
				GCC_WARN_ABOUT_RETURN_TYPE = YES_ERROR;
				GCC_WARN_UNDECLARED_SELECTOR = YES;
				GCC_WARN_UNINITIALIZED_AUTOS = YES_AGGRESSIVE;
				GCC_WARN_UNUSED_FUNCTION = YES;
				GCC_WARN_UNUSED_VARIABLE = YES;
				IPHONEOS_DEPLOYMENT_TARGET = 13.5;
				MTL_ENABLE_DEBUG_INFO = NO;
				MTL_FAST_MATH = YES;
				SDKROOT = iphoneos;
				SWIFT_COMPILATION_MODE = wholemodule;
				SWIFT_OPTIMIZATION_LEVEL = "-O";
				VALIDATE_PRODUCT = YES;
			};
			name = Release;
		};
		AFEC0BCD24FE83AA0022C25A /* Debug */ = {
			isa = XCBuildConfiguration;
			baseConfigurationReference = F31B333D522594084F8EA627 /* Pods-Justina.debug.xcconfig */;
			buildSettings = {
				ASSETCATALOG_COMPILER_APPICON_NAME = AppIcon;
				CODE_SIGN_STYLE = Automatic;
				DEVELOPMENT_TEAM = Z8MNRFXXFD;
				INFOPLIST_FILE = Justina/Info.plist;
				IPHONEOS_DEPLOYMENT_TARGET = 13.4;
				LD_RUNPATH_SEARCH_PATHS = (
					"$(inherited)",
					"@executable_path/Frameworks",
				);
				PRODUCT_BUNDLE_IDENTIFIER = com.aweirdossauro.Justina;
				PRODUCT_NAME = "$(TARGET_NAME)";
				SWIFT_VERSION = 5.0;
				TARGETED_DEVICE_FAMILY = "1,2";
			};
			name = Debug;
		};
		AFEC0BCE24FE83AA0022C25A /* Release */ = {
			isa = XCBuildConfiguration;
			baseConfigurationReference = 8BED632E1BA769038D9A477F /* Pods-Justina.release.xcconfig */;
			buildSettings = {
				ASSETCATALOG_COMPILER_APPICON_NAME = AppIcon;
				CODE_SIGN_STYLE = Automatic;
				DEVELOPMENT_TEAM = Z8MNRFXXFD;
				INFOPLIST_FILE = Justina/Info.plist;
				IPHONEOS_DEPLOYMENT_TARGET = 13.4;
				LD_RUNPATH_SEARCH_PATHS = (
					"$(inherited)",
					"@executable_path/Frameworks",
				);
				PRODUCT_BUNDLE_IDENTIFIER = com.aweirdossauro.Justina;
				PRODUCT_NAME = "$(TARGET_NAME)";
				SWIFT_VERSION = 5.0;
				TARGETED_DEVICE_FAMILY = "1,2";
			};
			name = Release;
		};
		AFEC0BD024FE83AA0022C25A /* Debug */ = {
			isa = XCBuildConfiguration;
			baseConfigurationReference = 9A181F707F343CB25112995A /* Pods-JustinaTests.debug.xcconfig */;
			buildSettings = {
				ALWAYS_EMBED_SWIFT_STANDARD_LIBRARIES = YES;
				BUNDLE_LOADER = "$(TEST_HOST)";
				CODE_SIGN_STYLE = Automatic;
				DEVELOPMENT_TEAM = Z8MNRFXXFD;
				INFOPLIST_FILE = JustinaTests/Info.plist;
				IPHONEOS_DEPLOYMENT_TARGET = 13.5;
				LD_RUNPATH_SEARCH_PATHS = (
					"$(inherited)",
					"@executable_path/Frameworks",
					"@loader_path/Frameworks",
				);
				PRODUCT_BUNDLE_IDENTIFIER = com.aweirdossauro.JustinaTests;
				PRODUCT_NAME = "$(TARGET_NAME)";
				SWIFT_VERSION = 5.0;
				TARGETED_DEVICE_FAMILY = "1,2";
				TEST_HOST = "$(BUILT_PRODUCTS_DIR)/Justina.app/Justina";
			};
			name = Debug;
		};
		AFEC0BD124FE83AA0022C25A /* Release */ = {
			isa = XCBuildConfiguration;
			baseConfigurationReference = 8E4F327231606F0580E11975 /* Pods-JustinaTests.release.xcconfig */;
			buildSettings = {
				ALWAYS_EMBED_SWIFT_STANDARD_LIBRARIES = YES;
				BUNDLE_LOADER = "$(TEST_HOST)";
				CODE_SIGN_STYLE = Automatic;
				DEVELOPMENT_TEAM = Z8MNRFXXFD;
				INFOPLIST_FILE = JustinaTests/Info.plist;
				IPHONEOS_DEPLOYMENT_TARGET = 13.5;
				LD_RUNPATH_SEARCH_PATHS = (
					"$(inherited)",
					"@executable_path/Frameworks",
					"@loader_path/Frameworks",
				);
				PRODUCT_BUNDLE_IDENTIFIER = com.aweirdossauro.JustinaTests;
				PRODUCT_NAME = "$(TARGET_NAME)";
				SWIFT_VERSION = 5.0;
				TARGETED_DEVICE_FAMILY = "1,2";
				TEST_HOST = "$(BUILT_PRODUCTS_DIR)/Justina.app/Justina";
			};
			name = Release;
		};
		AFEC0BD324FE83AA0022C25A /* Debug */ = {
			isa = XCBuildConfiguration;
			baseConfigurationReference = 260A5A8B1FA8FC61CAF584E5 /* Pods-Justina-JustinaUITests.debug.xcconfig */;
			buildSettings = {
				ALWAYS_EMBED_SWIFT_STANDARD_LIBRARIES = YES;
				CODE_SIGN_STYLE = Automatic;
				DEVELOPMENT_TEAM = Z8MNRFXXFD;
				INFOPLIST_FILE = JustinaUITests/Info.plist;
				LD_RUNPATH_SEARCH_PATHS = (
					"$(inherited)",
					"@executable_path/Frameworks",
					"@loader_path/Frameworks",
				);
				PRODUCT_BUNDLE_IDENTIFIER = com.aweirdossauro.JustinaUITests;
				PRODUCT_NAME = "$(TARGET_NAME)";
				SWIFT_VERSION = 5.0;
				TARGETED_DEVICE_FAMILY = "1,2";
				TEST_TARGET_NAME = Justina;
			};
			name = Debug;
		};
		AFEC0BD424FE83AA0022C25A /* Release */ = {
			isa = XCBuildConfiguration;
			baseConfigurationReference = 83B7532D8E7CF209D31F4F8E /* Pods-Justina-JustinaUITests.release.xcconfig */;
			buildSettings = {
				ALWAYS_EMBED_SWIFT_STANDARD_LIBRARIES = YES;
				CODE_SIGN_STYLE = Automatic;
				DEVELOPMENT_TEAM = Z8MNRFXXFD;
				INFOPLIST_FILE = JustinaUITests/Info.plist;
				LD_RUNPATH_SEARCH_PATHS = (
					"$(inherited)",
					"@executable_path/Frameworks",
					"@loader_path/Frameworks",
				);
				PRODUCT_BUNDLE_IDENTIFIER = com.aweirdossauro.JustinaUITests;
				PRODUCT_NAME = "$(TARGET_NAME)";
				SWIFT_VERSION = 5.0;
				TARGETED_DEVICE_FAMILY = "1,2";
				TEST_TARGET_NAME = Justina;
			};
			name = Release;
		};
/* End XCBuildConfiguration section */

/* Begin XCConfigurationList section */
		AFEC0B9D24FE83A70022C25A /* Build configuration list for PBXProject "Justina" */ = {
			isa = XCConfigurationList;
			buildConfigurations = (
				AFEC0BCA24FE83AA0022C25A /* Debug */,
				AFEC0BCB24FE83AA0022C25A /* Release */,
			);
			defaultConfigurationIsVisible = 0;
			defaultConfigurationName = Release;
		};
		AFEC0BCC24FE83AA0022C25A /* Build configuration list for PBXNativeTarget "Justina" */ = {
			isa = XCConfigurationList;
			buildConfigurations = (
				AFEC0BCD24FE83AA0022C25A /* Debug */,
				AFEC0BCE24FE83AA0022C25A /* Release */,
			);
			defaultConfigurationIsVisible = 0;
			defaultConfigurationName = Release;
		};
		AFEC0BCF24FE83AA0022C25A /* Build configuration list for PBXNativeTarget "JustinaTests" */ = {
			isa = XCConfigurationList;
			buildConfigurations = (
				AFEC0BD024FE83AA0022C25A /* Debug */,
				AFEC0BD124FE83AA0022C25A /* Release */,
			);
			defaultConfigurationIsVisible = 0;
			defaultConfigurationName = Release;
		};
		AFEC0BD224FE83AA0022C25A /* Build configuration list for PBXNativeTarget "JustinaUITests" */ = {
			isa = XCConfigurationList;
			buildConfigurations = (
				AFEC0BD324FE83AA0022C25A /* Debug */,
				AFEC0BD424FE83AA0022C25A /* Release */,
			);
			defaultConfigurationIsVisible = 0;
			defaultConfigurationName = Release;
		};
/* End XCConfigurationList section */
	};
	rootObject = AFEC0B9A24FE83A70022C25A /* Project object */;
}
